{
  "name": "@nlabs/arkhamjs-devtools-extension",
  "version": "3.11.8",
  "lockfileVersion": 3,
  "requires": true,
  "packages": {
    "": {
      "name": "@nlabs/arkhamjs-devtools-extension",
      "version": "3.11.8",
      "license": "MIT",
      "dependencies": {
        "@nlabs/arkhamjs": "^3.11.8",
        "@nlabs/arkhamjs-utils-react": "^3.11.8",
        "@nlabs/utils": "2.10.5",
        "history": "^5.3.0",
        "rc-tabs": "^12.3.0",
        "react": "^19.0.0",
        "react-dom": "^19.0.0",
        "react-router": "^7.18.2",
        "react-router-dom": "^7.18.2"
      }
    },
    "node_modules/@babel/runtime": {
      "version": "7.29.7",
      "resolved": "https://registry.npmjs.org/@babel/runtime/-/runtime-7.29.7.tgz",
      "integrity": "sha512-Nq8OhGWiZIZGV6hLHoyAKLLcJihP/xFeBMGJoUrxTX2psI8dCifzLhZISFb+VWS3wFMRDmCGw5R+dOySCqPLhw==",
      "license": "MIT",
      "engines": {
        "node": ">=6.9.0"
      }
    },
    "node_modules/@nlabs/arkhamjs": {
      "version": "3.31.9",
      "resolved": "https://registry.npmjs.org/@nlabs/arkhamjs/-/arkhamjs-3.31.9.tgz",
      "integrity": "sha512-ZVi82jc7ZelT7EeIr81lVF4mY0+MJxd8BHYlUtx7ifRVbGX0C5cAMdeBMeFg/UNIINyWUBDqKwB+KzDGuGhUXg==",
      "license": "MIT",
      "dependencies": {
        "@nlabs/utils": "2.8.6",
        "events": "^3.3.0"
      }
    },
    "node_modules/@nlabs/arkhamjs-utils-react": {
      "version": "3.32.7",
      "resolved": "https://registry.npmjs.org/@nlabs/arkhamjs-utils-react/-/arkhamjs-utils-react-3.32.7.tgz",
      "integrity": "sha512-WtLVvab1gQE9eJF3R+ave2lOJ1CPJrXOpb5npSswut6n8mQleV7vNDxFu1ilWY4zh8ojE5DIUNod8rgsryc/Tw==",
      "license": "MIT",
      "dependencies": {
        "@nlabs/utils": "2.8.6"
      },
      "peerDependencies": {
        "@nlabs/arkhamjs": "^3.26.0",
        "react": "*"
      }
    },
    "node_modules/@nlabs/arkhamjs-utils-react/node_modules/@nlabs/utils": {
      "version": "2.8.6",
      "resolved": "https://registry.npmjs.org/@nlabs/utils/-/utils-2.8.6.tgz",
      "integrity": "sha512-nL5j8UjByX3C3cZo5x7c2OOh6hbUKIcNemYjz6EN+vZtM+WpffIsARdglNJEufqngZns/RXtXL1+4rB4/k0snw==",
      "dependencies": {
        "crypto-js": "^4.2.0",
        "google-libphonenumber": "3.2.43",
        "haversine": "1.1.1",
        "luxon": "3.7.2",
        "numeral": "2.0.6"
      }
    },
    "node_modules/@nlabs/arkhamjs-utils-react/node_modules/google-libphonenumber": {
      "version": "3.2.43",
      "resolved": "https://registry.npmjs.org/google-libphonenumber/-/google-libphonenumber-3.2.43.tgz",
      "integrity": "sha512-TbIX/UC3BFRJwCxbBeCPwuRC4Qws9Jz/CECmfTM1t9RFoI3X6eRThurv6AYr9wSrt640IA9KFIHuAD/vlyjqRw==",
      "license": "(MIT AND Apache-2.0)",
      "engines": {
        "node": ">=0.10"
      }
    },
    "node_modules/@nlabs/arkhamjs/node_modules/@nlabs/utils": {
      "version": "2.8.6",
      "resolved": "https://registry.npmjs.org/@nlabs/utils/-/utils-2.8.6.tgz",
      "integrity": "sha512-nL5j8UjByX3C3cZo5x7c2OOh6hbUKIcNemYjz6EN+vZtM+WpffIsARdglNJEufqngZns/RXtXL1+4rB4/k0snw==",
      "dependencies": {
        "crypto-js": "^4.2.0",
        "google-libphonenumber": "3.2.43",
        "haversine": "1.1.1",
        "luxon": "3.7.2",
        "numeral": "2.0.6"
      }
    },
    "node_modules/@nlabs/arkhamjs/node_modules/google-libphonenumber": {
      "version": "3.2.43",
      "resolved": "https://registry.npmjs.org/google-libphonenumber/-/google-libphonenumber-3.2.43.tgz",
      "integrity": "sha512-TbIX/UC3BFRJwCxbBeCPwuRC4Qws9Jz/CECmfTM1t9RFoI3X6eRThurv6AYr9wSrt640IA9KFIHuAD/vlyjqRw==",
      "license": "(MIT AND Apache-2.0)",
      "engines": {
        "node": ">=0.10"
      }
    },
    "node_modules/@nlabs/utils": {
      "version": "2.10.5",
      "resolved": "https://registry.npmjs.org/@nlabs/utils/-/utils-2.10.5.tgz",
      "integrity": "sha512-gev96A01Dog9hajVDPaLTYdEsYGEL9LSMzIdFCS64jjZnWSCjZaP3JXX3erjLFSw8eUW4qVWZoE8zTbcdKvwLg==",
      "dependencies": {
        "@types/luxon": "3.7.1",
        "crypto-js": "^4.2.0",
        "google-libphonenumber": "3.2.46",
        "haversine": "1.1.1",
        "luxon": "3.7.2",
        "numeral": "2.0.6"
      }
    },
    "node_modules/@rc-component/portal": {
      "version": "1.1.2",
      "resolved": "https://registry.npmjs.org/@rc-component/portal/-/portal-1.1.2.tgz",
      "integrity": "sha512-6f813C0IsasTZms08kfA8kPAGxbbkYToa8ALaiDIGGECU4i9hj8Plgbx0sNJDrey3EtHO30hmdaxtT0138xZcg==",
      "license": "MIT",
      "dependencies": {
        "@babel/runtime": "^7.18.0",
        "classnames": "^2.3.2",
        "rc-util": "^5.24.4"
      },
      "engines": {
        "node": ">=8.x"
      },
      "peerDependencies": {
        "react": ">=16.9.0",
        "react-dom": ">=16.9.0"
      }
    },
    "node_modules/@rc-component/trigger": {
      "version": "1.18.3",
      "resolved": "https://registry.npmjs.org/@rc-component/trigger/-/trigger-1.18.3.tgz",
      "integrity": "sha512-Ksr25pXreYe1gX6ayZ1jLrOrl9OAUHUqnuhEx6MeHnNa1zVM5Y2Aj3Q35UrER0ns8D2cJYtmJtVli+i+4eKrvA==",
      "license": "MIT",
      "dependencies": {
        "@babel/runtime": "^7.23.2",
        "@rc-component/portal": "^1.1.0",
        "classnames": "^2.3.2",
        "rc-motion": "^2.0.0",
        "rc-resize-observer": "^1.3.1",
        "rc-util": "^5.38.0"
      },
      "engines": {
        "node": ">=8.x"
      },
      "peerDependencies": {
        "react": ">=16.9.0",
        "react-dom": ">=16.9.0"
      }
    },
    "node_modules/@types/luxon": {
      "version": "3.7.1",
      "resolved": "https://registry.npmjs.org/@types/luxon/-/luxon-3.7.1.tgz",
      "integrity": "sha512-H3iskjFIAn5SlJU7OuxUmTEpebK6TKB8rxZShDslBMZJ5u9S//KM1sbdAisiSrqwLQncVjnpi2OK2J51h+4lsg==",
      "license": "MIT"
    },
    "node_modules/classnames": {
      "version": "2.5.1",
      "resolved": "https://registry.npmjs.org/classnames/-/classnames-2.5.1.tgz",
      "integrity": "sha512-saHYOzhIQs6wy2sVxTM6bUDsQO4F50V9RQ22qBpEdCW+I+/Wmke2HOl6lS6dTpdxVhb88/I6+Hs+438c3lfUow==",
      "license": "MIT"
    },
    "node_modules/cookie": {
      "version": "1.1.1",
      "resolved": "https://registry.npmjs.org/cookie/-/cookie-1.1.1.tgz",
      "integrity": "sha512-ei8Aos7ja0weRpFzJnEA9UHJ/7XQmqglbRwnf2ATjcB9Wq874VKH9kfjjirM6UhU2/E5fFYadylyhFldcqSidQ==",
      "license": "MIT",
      "engines": {
        "node": ">=18"
      },
      "funding": {
        "type": "opencollective",
        "url": "https://opencollective.com/express"
      }
    },
    "node_modules/crypto-js": {
      "version": "4.2.0",
      "resolved": "https://registry.npmjs.org/crypto-js/-/crypto-js-4.2.0.tgz",
      "integrity": "sha512-KALDyEYgpY+Rlob/iriUtjV6d5Eq+Y191A5g4UqLAi8CyGP9N1+FdVbkc1SxKc2r4YAYqG8JzO2KGL+AizD70Q==",
      "deprecated": "Active development of CryptoJS has been discontinued. This library is no longer maintained.",
      "license": "MIT"
    },
    "node_modules/events": {
      "version": "3.3.0",
      "resolved": "https://registry.npmjs.org/events/-/events-3.3.0.tgz",
      "integrity": "sha512-mQw+2fkQbALzQ7V0MY0IqdnXNOeTtP4r0lN9z7AAawCXgqea7bDii20AYrIBrFd/Hx0M2Ocz6S111CaFkUcb0Q==",
      "license": "MIT",
      "engines": {
        "node": ">=0.8.x"
      }
    },
    "node_modules/google-libphonenumber": {
      "version": "3.2.46",
      "resolved": "https://registry.npmjs.org/google-libphonenumber/-/google-libphonenumber-3.2.46.tgz",
      "integrity": "sha512-UmrwBam+6pxzbEIW5m8T63XmSIuU08BacGlcoSFXrgSPLpPZnzc0VcO/CsmHj0MJlTvPn7x+KRMridyPXUdBRQ==",
      "license": "(MIT AND Apache-2.0)",
      "engines": {
        "node": ">=0.10"
      }
    },
    "node_modules/haversine": {
      "version": "1.1.1",
      "resolved": "https://registry.npmjs.org/haversine/-/haversine-1.1.1.tgz",
      "integrity": "sha512-KW4MS8+krLIeiw8bF5z532CptG0ZyGGFj0UbKMxx25lKnnJ1hMUbuzQl+PXQjNiDLnl1bOyz23U6hSK10r4guw==",
      "license": "MIT"
    },
    "node_modules/history": {
      "version": "5.3.0",
      "resolved": "https://registry.npmjs.org/history/-/history-5.3.0.tgz",
      "integrity": "sha512-ZqaKwjjrAYUYfLG+htGaIIZ4nioX2L70ZUMIFysS3xvBsSG4x/n1V6TXV3N8ZYNuFGlDirFg32T7B6WOUPDYcQ==",
      "license": "MIT",
      "dependencies": {
        "@babel/runtime": "^7.7.6"
      }
    },
    "node_modules/luxon": {
      "version": "3.7.2",
      "resolved": "https://registry.npmjs.org/luxon/-/luxon-3.7.2.tgz",
      "integrity": "sha512-vtEhXh/gNjI9Yg1u4jX/0YVPMvxzHuGgCm6tC5kZyb08yjGWGnqAjGJvcXbqQR2P3MyMEFnRbpcdFS6PBcLqew==",
      "license": "MIT",
      "engines": {
        "node": ">=12"
      }
    },
    "node_modules/numeral": {
      "version": "2.0.6",
      "resolved": "https://registry.npmjs.org/numeral/-/numeral-2.0.6.tgz",
      "integrity": "sha512-qaKRmtYPZ5qdw4jWJD6bxEf1FJEqllJrwxCLIm0sQU/A7v2/czigzOb+C2uSiFsa9lBUzeH7M1oK+Q+OLxL3kA==",
      "license": "MIT",
      "engines": {
        "node": "*"
      }
    },
    "node_modules/rc-dropdown": {
      "version": "4.1.0",
      "resolved": "https://registry.npmjs.org/rc-dropdown/-/rc-dropdown-4.1.0.tgz",
      "integrity": "sha512-VZjMunpBdlVzYpEdJSaV7WM7O0jf8uyDjirxXLZRNZ+tAC+NzD3PXPEtliFwGzVwBBdCmGuSqiS9DWcOLxQ9tw==",
      "license": "MIT",
      "dependencies": {
        "@babel/runtime": "^7.18.3",
        "@rc-component/trigger": "^1.7.0",
        "classnames": "^2.2.6",
        "rc-util": "^5.17.0"
      },
      "peerDependencies": {
        "react": ">=16.11.0",
        "react-dom": ">=16.11.0"
      }
    },
    "node_modules/rc-menu": {
      "version": "9.12.4",
      "resolved": "https://registry.npmjs.org/rc-menu/-/rc-menu-9.12.4.tgz",
      "integrity": "sha512-t2NcvPLV1mFJzw4F21ojOoRVofK2rWhpKPx69q2raUsiHPDP6DDevsBILEYdsIegqBeSXoWs2bf6CueBKg3BFg==",
      "license": "MIT",
      "dependencies": {
        "@babel/runtime": "^7.10.1",
        "@rc-component/trigger": "^1.17.0",
        "classnames": "2.x",
        "rc-motion": "^2.4.3",
        "rc-overflow": "^1.3.1",
        "rc-util": "^5.27.0"
      },
      "peerDependencies": {
        "react": ">=16.9.0",
        "react-dom": ">=16.9.0"
      }
    },
    "node_modules/rc-motion": {
      "version": "2.9.5",
      "resolved": "https://registry.npmjs.org/rc-motion/-/rc-motion-2.9.5.tgz",
      "integrity": "sha512-w+XTUrfh7ArbYEd2582uDrEhmBHwK1ZENJiSJVb7uRxdE7qJSYjbO2eksRXmndqyKqKoYPc9ClpPh5242mV1vA==",
      "license": "MIT",
      "dependencies": {
        "@babel/runtime": "^7.11.1",
        "classnames": "^2.2.1",
        "rc-util": "^5.44.0"
      },
      "peerDependencies": {
        "react": ">=16.9.0",
        "react-dom": ">=16.9.0"
      }
    },
    "node_modules/rc-overflow": {
      "version": "1.5.0",
      "resolved": "https://registry.npmjs.org/rc-overflow/-/rc-overflow-1.5.0.tgz",
      "integrity": "sha512-Lm/v9h0LymeUYJf0x39OveU52InkdRXqnn2aYXfWmo8WdOonIKB2kfau+GF0fWq6jPgtdO9yMqveGcK6aIhJmg==",
      "license": "MIT",
      "dependencies": {
        "@babel/runtime": "^7.11.1",
        "classnames": "^2.2.1",
        "rc-resize-observer": "^1.0.0",
        "rc-util": "^5.37.0"
      },
      "peerDependencies": {
        "react": ">=16.9.0",
        "react-dom": ">=16.9.0"
      }
    },
    "node_modules/rc-resize-observer": {
      "version": "1.4.3",
      "resolved": "https://registry.npmjs.org/rc-resize-observer/-/rc-resize-observer-1.4.3.tgz",
      "integrity": "sha512-YZLjUbyIWox8E9i9C3Tm7ia+W7euPItNWSPX5sCcQTYbnwDb5uNpnLHQCG1f22oZWUhLw4Mv2tFmeWe68CDQRQ==",
      "license": "MIT",
      "dependencies": {
        "@babel/runtime": "^7.20.7",
        "classnames": "^2.2.1",
        "rc-util": "^5.44.1",
        "resize-observer-polyfill": "^1.5.1"
      },
      "peerDependencies": {
        "react": ">=16.9.0",
        "react-dom": ">=16.9.0"
      }
    },
    "node_modules/rc-tabs": {
      "version": "12.15.0",
      "resolved": "https://registry.npmjs.org/rc-tabs/-/rc-tabs-12.15.0.tgz",
      "integrity": "sha512-aXFLRo7jo531Jed1LgRqrF0VmRnzM/Qki25PknM3S04gqyxpDaHNFpPba05pHhn+d1N+54qIi0IcY1odrCrF2A==",
      "license": "MIT",
      "dependencies": {
        "@babel/runtime": "^7.11.2",
        "classnames": "2.x",
        "rc-dropdown": "~4.1.0",
        "rc-menu": "~9.12.0",
        "rc-motion": "^2.6.2",
        "rc-resize-observer": "^1.0.0",
        "rc-util": "^5.34.1"
      },
      "engines": {
        "node": ">=8.x"
      },
      "peerDependencies": {
        "react": ">=16.9.0",
        "react-dom": ">=16.9.0"
      }
    },
    "node_modules/rc-util": {
      "version": "5.44.4",
      "resolved": "https://registry.npmjs.org/rc-util/-/rc-util-5.44.4.tgz",
      "integrity": "sha512-resueRJzmHG9Q6rI/DfK6Kdv9/Lfls05vzMs1Sk3M2P+3cJa+MakaZyWY8IPfehVuhPJFKrIY1IK4GqbiaiY5w==",
      "license": "MIT",
      "dependencies": {
        "@babel/runtime": "^7.18.3",
        "react-is": "^18.2.0"
      },
      "peerDependencies": {
        "react": ">=16.9.0",
        "react-dom": ">=16.9.0"
      }
    },
    "node_modules/react": {
      "version": "19.2.8",
      "resolved": "https://registry.npmjs.org/react/-/react-19.2.8.tgz",
      "integrity": "sha512-PWaYA1L/q9u2u7xYQi+Y3L3Yfnie7XyLeaJICV1MGD6LprsBxcAqGjYyr0eY3p+QdsA+x/Irkt4Qif8D63+Sbw==",
      "license": "MIT",
      "engines": {
        "node": ">=0.10.0"
      }
    },
    "node_modules/react-dom": {
      "version": "19.2.8",
      "resolved": "https://registry.npmjs.org/react-dom/-/react-dom-19.2.8.tgz",
      "integrity": "sha512-rVprimfGBG3DR+Tq0IQG2DT5PxKth1WIGDmj5yPmlzr4YBe7uyE+Du4oVqTDXZSHGGGXRtTJEGSSePyQCMBglQ==",
      "license": "MIT",
      "dependencies": {
        "scheduler": "^0.27.0"
      },
      "peerDependencies": {
        "react": "^19.2.8"
      }
    },
    "node_modules/react-is": {
      "version": "18.3.1",
      "resolved": "https://registry.npmjs.org/react-is/-/react-is-18.3.1.tgz",
      "integrity": "sha512-/LLMVyas0ljjAtoYiPqYiL8VWXzUUdThrmU5+n20DZv+a+ClRoevUzw5JxU+Ieh5/c87ytoTBV9G1FiKfNJdmg==",
      "license": "MIT"
    },
    "node_modules/react-router": {
      "version": "7.18.2",
      "resolved": "https://registry.npmjs.org/react-router/-/react-router-7.18.2.tgz",
      "integrity": "sha512-aUVMjFm3GAPTTZL7oYr5E7ETiqfQCHRLH+B+5afnICvf0r7kkK4eR6SMuwbSTJw/7t+12khT/Kahij49fqOCIg==",
      "license": "MIT",
      "dependencies": {
        "cookie": "^1.0.1",
        "set-cookie-parser": "^2.6.0"
      },
      "engines": {
        "node": ">=20.0.0"
      },
      "peerDependencies": {
        "react": ">=18",
        "react-dom": ">=18"
      },
      "peerDependenciesMeta": {
        "react-dom": {
          "optional": true
        }
      }
    },
    "node_modules/react-router-dom": {
      "version": "7.18.2",
      "resolved": "https://registry.npmjs.org/react-router-dom/-/react-router-dom-7.18.2.tgz",
      "integrity": "sha512-AIKJ/jgGlFb3EbfCXk5Gzshiwt+l3mqbCrNjmEWMMjqQxNJ3svBa6bgzFyCC2Sw3RA0VWF1kg3uQf2OFhxb8hw==",
      "license": "MIT",
      "dependencies": {
        "react-router": "7.18.2"
      },
      "engines": {
        "node": ">=20.0.0"
      },
      "peerDependencies": {
        "react": ">=18",
        "react-dom": ">=18"
      }
    },
    "node_modules/resize-observer-polyfill": {
      "version": "1.5.1",
      "resolved": "https://registry.npmjs.org/resize-observer-polyfill/-/resize-observer-polyfill-1.5.1.tgz",
      "integrity": "sha512-LwZrotdHOo12nQuZlHEmtuXdqGoOD0OhaxopaNFxWzInpEgaLWoVuAMbTzixuosCx2nEG58ngzW3vxdWoxIgdg==",
      "license": "MIT"
    },
    "node_modules/scheduler": {
      "version": "0.27.0",
      "resolved": "https://registry.npmjs.org/scheduler/-/scheduler-0.27.0.tgz",
      "integrity": "sha512-eNv+WrVbKu1f3vbYJT/xtiF5syA5HPIMtf9IgY/nKg0sWqzAUEvqY/xm7OcZc/qafLx/iO9FgOmeSAp4v5ti/Q==",
      "license": "MIT"
    },
    "node_modules/set-cookie-parser": {
      "version": "2.7.2",
      "resolved": "https://registry.npmjs.org/set-cookie-parser/-/set-cookie-parser-2.7.2.tgz",
      "integrity": "sha512-oeM1lpU/UvhTxw+g3cIfxXHyJRc/uidd3yK1P242gzHds0udQBYzs3y8j4gCCW+ZJ7ad0yctld8RYO+bdurlvw==",
      "license": "MIT"
    }
  }
}
